{
  "name": "codekit-project",
  "version": "1.0.0",
  "lockfileVersion": 1,
  "requires": true,
  "dependencies": {
    "gsap": {
      "version": "file:../../../../../joshgdovin/Documents/GitHub/Drexel/Motion/2022/Motion-F22-AM/gsap-bonus.tgz",
      "integrity": "sha512-pDhbxDJeZreZORpBacsNwMkJZtmnqwxDU5knDfLIf1l3YIzUggiIe1P2bz5QHu2mK5giSE3qgoZl28JHBoogTQ=="
    },
    "gsap-drawsvg": {
      "version": "1.0.0",
      "resolved": "https://registry.npmjs.org/gsap-drawsvg/-/gsap-drawsvg-1.0.0.tgz",
      "integrity": "sha512-YJDnVF2HMiZOu0J6NE/biY0z0Q8mmaVcv/Prwmdcd4xgr9PbdjY4O+9cNml0n2jbxNm1JBLlmuWYJjb3TCcMAA=="
    }
  }
}
